{
  "name": "hddserial",
  "version": "1.0.0",
  "lockfileVersion": 2,
  "requires": true,
  "packages": {
    "": {
      "name": "hddserial",
      "version": "1.0.0",
      "license": "MIT",
      "dependencies": {
        "child_process": "^1.0.2",
        "hddserial": "^0.0.7",
        "os": "^0.1.2",
        "systeminformation": "^5.11.22"
      }
    },
    "node_modules/child_process": {
      "version": "1.0.2",
      "resolved": "https://registry.npmjs.org/child_process/-/child_process-1.0.2.tgz",
      "integrity": "sha512-Wmza/JzL0SiWz7kl6MhIKT5ceIlnFPJX+lwUGj7Clhy5MMldsSoJR0+uvRzOS5Kv45Mq7t1PoE8TsOA9bzvb6g=="
    },
    "node_modules/hddserial": {
      "version": "0.0.7",
      "resolved": "https://registry.npmjs.org/hddserial/-/hddserial-0.0.7.tgz",
      "integrity": "sha512-wgPKfkHM5Nu5f99u+5Ap6+zFc7f1ikp69OiVqe1F7e8PNr3fpl4T61Dgu7vbO/+iqXJSbq4zpFF2Y7+zaTxA3g=="
    },
    "node_modules/os": {
      "version": "0.1.2",
      "resolved": "https://registry.npmjs.org/os/-/os-0.1.2.tgz",
      "integrity": "sha512-ZoXJkvAnljwvc56MbvhtKVWmSkzV712k42Is2mA0+0KTSRakq5XXuXpjZjgAt9ctzl51ojhQWakQQpmOvXWfjQ=="
    },
    "node_modules/systeminformation": {
      "version": "5.11.22",
      "resolved": "https://registry.npmjs.org/systeminformation/-/systeminformation-5.11.22.tgz",
      "integrity": "sha512-sBZJ/WBCf2vDLeMZaEyVuo+aXylOSmNHHB2cX0jHULFxSBLXHX+QUHYrCvmz+YiflKY3bsahVWX7vwuz1p1QZA==",
      "os": [
        "darwin",
        "linux",
        "win32",
        "freebsd",
        "openbsd",
        "netbsd",
        "sunos",
        "android"
      ],
      "bin": {
        "systeminformation": "lib/cli.js"
      },
      "engines": {
        "node": ">=8.0.0"
      },
      "funding": {
        "type": "Buy me a coffee",
        "url": "https://www.buymeacoffee.com/systeminfo"
      }
    }
  },
  "dependencies": {
    "child_process": {
      "version": "1.0.2",
      "resolved": "https://registry.npmjs.org/child_process/-/child_process-1.0.2.tgz",
      "integrity": "sha512-Wmza/JzL0SiWz7kl6MhIKT5ceIlnFPJX+lwUGj7Clhy5MMldsSoJR0+uvRzOS5Kv45Mq7t1PoE8TsOA9bzvb6g=="
    },
    "hddserial": {
      "version": "0.0.7",
      "resolved": "https://registry.npmjs.org/hddserial/-/hddserial-0.0.7.tgz",
      "integrity": "sha512-wgPKfkHM5Nu5f99u+5Ap6+zFc7f1ikp69OiVqe1F7e8PNr3fpl4T61Dgu7vbO/+iqXJSbq4zpFF2Y7+zaTxA3g=="
    },
    "os": {
      "version": "0.1.2",
      "resolved": "https://registry.npmjs.org/os/-/os-0.1.2.tgz",
      "integrity": "sha512-ZoXJkvAnljwvc56MbvhtKVWmSkzV712k42Is2mA0+0KTSRakq5XXuXpjZjgAt9ctzl51ojhQWakQQpmOvXWfjQ=="
    },
    "systeminformation": {
      "version": "5.11.22",
      "resolved": "https://registry.npmjs.org/systeminformation/-/systeminformation-5.11.22.tgz",
      "integrity": "sha512-sBZJ/WBCf2vDLeMZaEyVuo+aXylOSmNHHB2cX0jHULFxSBLXHX+QUHYrCvmz+YiflKY3bsahVWX7vwuz1p1QZA=="
    }
  }
}
